
Microsoft Visual Studio Solution File, Format Version 12.00
# Visual Studio Version 17
VisualStudioVersion = 17.12.35521.163
MinimumVisualStudioVersion = 10.0.40219.1
Project("{FAE04EC0-301F-11D3-BF4B-00C04F79EFBC}") = "hackaton_geradorFrame_notifica_dlq", "hackaton_geradorFrame_notifica_dlq\src\hackaton_geradorFrame_notifica_dlq\hackaton_geradorFrame_notifica_dlq.csproj", "{8FCDFDE8-1DBD-41D9-B918-99F3094DCD33}"
EndProject
Project("{FAE04EC0-301F-11D3-BF4B-00C04F79EFBC}") = "hackaton_geradorFrame_notifica_dlq.Tests", "hackaton_geradorFrame_notifica_dlq\test\hackaton_geradorFrame_notifica_dlq.Tests\hackaton_geradorFrame_notifica_dlq.Tests.csproj", "{8E0F5A67-5271-4CDB-AD08-A894582C0A3D}"
EndProject
Global
	GlobalSection(SolutionConfigurationPlatforms) = preSolution
		Debug|Any CPU = Debug|Any CPU
		Release|Any CPU = Release|Any CPU
	EndGlobalSection
	GlobalSection(ProjectConfigurationPlatforms) = postSolution
		{8FCDFDE8-1DBD-41D9-B918-99F3094DCD33}.Debug|Any CPU.ActiveCfg = Debug|Any CPU
		{8FCDFDE8-1DBD-41D9-B918-99F3094DCD33}.Debug|Any CPU.Build.0 = Debug|Any CPU
		{8FCDFDE8-1DBD-41D9-B918-99F3094DCD33}.Release|Any CPU.ActiveCfg = Release|Any CPU
		{8FCDFDE8-1DBD-41D9-B918-99F3094DCD33}.Release|Any CPU.Build.0 = Release|Any CPU
		{8E0F5A67-5271-4CDB-AD08-A894582C0A3D}.Debug|Any CPU.ActiveCfg = Debug|Any CPU
		{8E0F5A67-5271-4CDB-AD08-A894582C0A3D}.Debug|Any CPU.Build.0 = Debug|Any CPU
		{8E0F5A67-5271-4CDB-AD08-A894582C0A3D}.Release|Any CPU.ActiveCfg = Release|Any CPU
		{8E0F5A67-5271-4CDB-AD08-A894582C0A3D}.Release|Any CPU.Build.0 = Release|Any CPU
	EndGlobalSection
	GlobalSection(SolutionProperties) = preSolution
		HideSolutionNode = FALSE
	EndGlobalSection
EndGlobal
